// !$*UTF8*$!
{
	archiveVersion = 1;
	classes = {
	};
	objectVersion = 48;
	objects = {

/* Begin PBXBuildFile section */
		AF588DA120EEFED700E9BA97 /* ConcentrationThemeChooserViewController.swift in Sources */ = {isa = PBXBuildFile; fileRef = AF588DA020EEFED700E9BA97 /* ConcentrationThemeChooserViewController.swift */; };
		AF728101202A290900BCDCD2 /* Concetration.swift in Sources */ = {isa = PBXBuildFile; fileRef = AF728100202A290900BCDCD2 /* Concetration.swift */; };
		AF728103202A29D700BCDCD2 /* Card.swift in Sources */ = {isa = PBXBuildFile; fileRef = AF728102202A29D700BCDCD2 /* Card.swift */; };
		AFDAE87B2028D737003081AD /* AppDelegate.swift in Sources */ = {isa = PBXBuildFile; fileRef = AFDAE87A2028D737003081AD /* AppDelegate.swift */; };
		AFDAE87D2028D737003081AD /* ConcentrationViewController.swift in Sources */ = {isa = PBXBuildFile; fileRef = AFDAE87C2028D737003081AD /* ConcentrationViewController.swift */; };
		AFDAE8802028D737003081AD /* Main.storyboard in Resources */ = {isa = PBXBuildFile; fileRef = AFDAE87E2028D737003081AD /* Main.storyboard */; };
		AFDAE8822028D737003081AD /* Assets.xcassets in Resources */ = {isa = PBXBuildFile; fileRef = AFDAE8812028D737003081AD /* Assets.xcassets */; };
		AFDAE8852028D737003081AD /* LaunchScreen.storyboard in Resources */ = {isa = PBXBuildFile; fileRef = AFDAE8832028D737003081AD /* LaunchScreen.storyboard */; };
/* End PBXBuildFile section */

/* Begin PBXFileReference section */
		AF588DA020EEFED700E9BA97 /* ConcentrationThemeChooserViewController.swift */ = {isa = PBXFileReference; lastKnownFileType = sourcecode.swift; path = ConcentrationThemeChooserViewController.swift; sourceTree = "<group>"; };
		AF728100202A290900BCDCD2 /* Concetration.swift */ = {isa = PBXFileReference; lastKnownFileType = sourcecode.swift; path = Concetration.swift; sourceTree = "<group>"; };
		AF728102202A29D700BCDCD2 /* Card.swift */ = {isa = PBXFileReference; lastKnownFileType = sourcecode.swift; path = Card.swift; sourceTree = "<group>"; };
		AFDAE8772028D737003081AD /* Concentration.app */ = {isa = PBXFileReference; explicitFileType = wrapper.application; includeInIndex = 0; path = Concentration.app; sourceTree = BUILT_PRODUCTS_DIR; };
		AFDAE87A2028D737003081AD /* AppDelegate.swift */ = {isa = PBXFileReference; lastKnownFileType = sourcecode.swift; path = AppDelegate.swift; sourceTree = "<group>"; };
		AFDAE87C2028D737003081AD /* ConcentrationViewController.swift */ = {isa = PBXFileReference; lastKnownFileType = sourcecode.swift; path = ConcentrationViewController.swift; sourceTree = "<group>"; };
		AFDAE87F2028D737003081AD /* Base */ = {isa = PBXFileReference; lastKnownFileType = file.storyboard; name = Base; path = Base.lproj/Main.storyboard; sourceTree = "<group>"; };
		AFDAE8812028D737003081AD /* Assets.xcassets */ = {isa = PBXFileReference; lastKnownFileType = folder.assetcatalog; path = Assets.xcassets; sourceTree = "<group>"; };
		AFDAE8842028D737003081AD /* Base */ = {isa = PBXFileReference; lastKnownFileType = file.storyboard; name = Base; path = Base.lproj/LaunchScreen.storyboard; sourceTree = "<group>"; };
		AFDAE8862028D737003081AD /* Info.plist */ = {isa = PBXFileReference; lastKnownFileType = text.plist.xml; path = Info.plist; sourceTree = "<group>"; };
/* End PBXFileReference section */

/* Begin PBXFrameworksBuildPhase section */
		AFDAE8742028D737003081AD /* Frameworks */ = {
			isa = PBXFrameworksBuildPhase;
			buildActionMask = 2147483647;
			files = (
			);
			runOnlyForDeploymentPostprocessing = 0;
		};
/* End PBXFrameworksBuildPhase section */

/* Begin PBXGroup section */
		AFDAE86E2028D737003081AD = {
			isa = PBXGroup;
			children = (
				AFDAE8792028D737003081AD /* Concentration */,
				AFDAE8782028D737003081AD /* Products */,
			);
			sourceTree = "<group>";
		};
		AFDAE8782028D737003081AD /* Products */ = {
			isa = PBXGroup;
			children = (
				AFDAE8772028D737003081AD /* Concentration.app */,
			);
			name = Products;
			sourceTree = "<group>";
		};
		AFDAE8792028D737003081AD /* Concentration */ = {
			isa = PBXGroup;
			children = (
				AFDAE88C2028D82F003081AD /* Supporting Files */,
				AFDAE87C2028D737003081AD /* ConcentrationViewController.swift */,
				AFDAE87E2028D737003081AD /* Main.storyboard */,
				AF588DA020EEFED700E9BA97 /* ConcentrationThemeChooserViewController.swift */,
				AF728100202A290900BCDCD2 /* Concetration.swift */,
				AF728102202A29D700BCDCD2 /* Card.swift */,
				AFDAE8862028D737003081AD /* Info.plist */,
			);
			path = Concentration;
			sourceTree = "<group>";
		};
		AFDAE88C2028D82F003081AD /* Supporting Files */ = {
			isa = PBXGroup;
			children = (
				AFDAE87A2028D737003081AD /* AppDelegate.swift */,
				AFDAE8812028D737003081AD /* Assets.xcassets */,
				AFDAE8832028D737003081AD /* LaunchScreen.storyboard */,
			);
			path = "Supporting Files";
			sourceTree = "<group>";
		};
/* End PBXGroup section */

/* Begin PBXNativeTarget section */
		AFDAE8762028D737003081AD /* Concentration */ = {
			isa = PBXNativeTarget;
			buildConfigurationList = AFDAE8892028D737003081AD /* Build configuration list for PBXNativeTarget "Concentration" */;
			buildPhases = (
				AFDAE8732028D737003081AD /* Sources */,
				AFDAE8742028D737003081AD /* Frameworks */,
				AFDAE8752028D737003081AD /* Resources */,
			);
			buildRules = (
			);
			dependencies = (
			);
			name = Concentration;
			productName = Concentration;
			productReference = AFDAE8772028D737003081AD /* Concentration.app */;
			productType = "com.apple.product-type.application";
		};
/* End PBXNativeTarget section */

/* Begin PBXProject section */
		AFDAE86F2028D737003081AD /* Project object */ = {
			isa = PBXProject;
			attributes = {
				LastSwiftUpdateCheck = 0920;
				LastUpgradeCheck = 0920;
				ORGANIZATIONNAME = iGarcia;
				TargetAttributes = {
					AFDAE8762028D737003081AD = {
						CreatedOnToolsVersion = 9.2;
						ProvisioningStyle = Automatic;
					};
				};
			};
			buildConfigurationList = AFDAE8722028D737003081AD /* Build configuration list for PBXProject "Concentration" */;
			compatibilityVersion = "Xcode 8.0";
			developmentRegion = en;
			hasScannedForEncodings = 0;
			knownRegions = (
				en,
				Base,
			);
			mainGroup = AFDAE86E2028D737003081AD;
			productRefGroup = AFDAE8782028D737003081AD /* Products */;
			projectDirPath = "";
			projectRoot = "";
			targets = (
				AFDAE8762028D737003081AD /* Concentration */,
			);
		};
/* End PBXProject section */

/* Begin PBXResourcesBuildPhase section */
		AFDAE8752028D737003081AD /* Resources */ = {
			isa = PBXResourcesBuildPhase;
			buildActionMask = 2147483647;
			files = (
				AFDAE8852028D737003081AD /* LaunchScreen.storyboard in Resources */,
				AFDAE8822028D737003081AD /* Assets.xcassets in Resources */,
				AFDAE8802028D737003081AD /* Main.storyboard in Resources */,
			);
			runOnlyForDeploymentPostprocessing = 0;
		};
/* End PBXResourcesBuildPhase section */

/* Begin PBXSourcesBuildPhase section */
		AFDAE8732028D737003081AD /* Sources */ = {
			isa = PBXSourcesBuildPhase;
			buildActionMask = 2147483647;
			files = (
				AF588DA120EEFED700E9BA97 /* ConcentrationThemeChooserViewController.swift in Sources */,
				AFDAE87D2028D737003081AD /* ConcentrationViewController.swift in Sources */,
				AF728101202A290900BCDCD2 /* Concetration.swift in Sources */,
				AFDAE87B2028D737003081AD /* AppDelegate.swift in Sources */,
				AF728103202A29D700BCDCD2 /* Card.swift in Sources */,
			);
			runOnlyForDeploymentPostprocessing = 0;
		};
/* End PBXSourcesBuildPhase section */

/* Begin PBXVariantGroup section */
		AFDAE87E2028D737003081AD /* Main.storyboard */ = {
			isa = PBXVariantGroup;
			children = (
				AFDAE87F2028D737003081AD /* Base */,
			);
			name = Main.storyboard;
			sourceTree = "<group>";
		};
		AFDAE8832028D737003081AD /* LaunchScreen.storyboard */ = {
			isa = PBXVariantGroup;
			children = (
				AFDAE8842028D737003081AD /* Base */,
			);
			name = LaunchScreen.storyboard;
			sourceTree = "<group>";
		};
/* End PBXVariantGroup section */

/* Begin XCBuildConfiguration section */
		AFDAE8872028D737003081AD /* Debug */ = {
			isa = XCBuildConfiguration;
			buildSettings = {
				ALWAYS_SEARCH_USER_PATHS = NO;
				CLANG_ANALYZER_NONNULL = YES;
				CLANG_ANALYZER_NUMBER_OBJECT_CONVERSION = YES_AGGRESSIVE;
				CLANG_CXX_LANGUAGE_STANDARD = "gnu++14";
				CLANG_CXX_LIBRARY = "libc++";
				CLANG_ENABLE_MODULES = YES;
				CLANG_ENABLE_OBJC_ARC = YES;
				CLANG_WARN_BLOCK_CAPTURE_AUTORELEASING = YES;
				CLANG_WARN_BOOL_CONVERSION = YES;
				CLANG_WARN_COMMA = YES;
				CLANG_WARN_CONSTANT_CONVERSION = YES;
				CLANG_WARN_DIRECT_OBJC_ISA_USAGE = YES_ERROR;
				CLANG_WARN_DOCUMENTATION_COMMENTS = YES;
				CLANG_WARN_EMPTY_BODY = YES;
				CLANG_WARN_ENUM_CONVERSION = YES;
				CLANG_WARN_INFINITE_RECURSION = YES;
				CLANG_WARN_INT_CONVERSION = YES;
				CLANG_WARN_NON_LITERAL_NULL_CONVERSION = YES;
				CLANG_WARN_OBJC_LITERAL_CONVERSION = YES;
				CLANG_WARN_OBJC_ROOT_CLASS = YES_ERROR;
				CLANG_WARN_RANGE_LOOP_ANALYSIS = YES;
				CLANG_WARN_STRICT_PROTOTYPES = YES;
				CLANG_WARN_SUSPICIOUS_MOVE = YES;
				CLANG_WARN_UNGUARDED_AVAILABILITY = YES_AGGRESSIVE;
				CLANG_WARN_UNREACHABLE_CODE = YES;
				CLANG_WARN__DUPLICATE_METHOD_MATCH = YES;
				CODE_SIGN_IDENTITY = "iPhone Developer";
				COPY_PHASE_STRIP = NO;
				DEBUG_INFORMATION_FORMAT = dwarf;
				ENABLE_STRICT_OBJC_MSGSEND = YES;
				ENABLE_TESTABILITY = YES;
				GCC_C_LANGUAGE_STANDARD = gnu11;
				GCC_DYNAMIC_NO_PIC = NO;
				GCC_NO_COMMON_BLOCKS = YES;
				GCC_OPTIMIZATION_LEVEL = 0;
				GCC_PREPROCESSOR_DEFINITIONS = (
					"DEBUG=1",
					"$(inherited)",
				);
				GCC_WARN_64_TO_32_BIT_CONVERSION = YES;
				GCC_WARN_ABOUT_RETURN_TYPE = YES_ERROR;
				GCC_WARN_UNDECLARED_SELECTOR = YES;
				GCC_WARN_UNINITIALIZED_AUTOS = YES_AGGRESSIVE;
				GCC_WARN_UNUSED_FUNCTION = YES;
				GCC_WARN_UNUSED_VARIABLE = YES;
				IPHONEOS_DEPLOYMENT_TARGET = 11.2;
				MTL_ENABLE_DEBUG_INFO = YES;
				ONLY_ACTIVE_ARCH = YES;
				SDKROOT = iphoneos;
				SWIFT_ACTIVE_COMPILATION_CONDITIONS = DEBUG;
				SWIFT_OPTIMIZATION_LEVEL = "-Onone";
			};
			name = Debug;
		};
		AFDAE8882028D737003081AD /* Release */ = {
			isa = XCBuildConfiguration;
			buildSettings = {
				ALWAYS_SEARCH_USER_PATHS = NO;
				CLANG_ANALYZER_NONNULL = YES;
				CLANG_ANALYZER_NUMBER_OBJECT_CONVERSION = YES_AGGRESSIVE;
				CLANG_CXX_LANGUAGE_STANDARD = "gnu++14";
				CLANG_CXX_LIBRARY = "libc++";
				CLANG_ENABLE_MODULES = YES;
				CLANG_ENABLE_OBJC_ARC = YES;
				CLANG_WARN_BLOCK_CAPTURE_AUTORELEASING = YES;
				CLANG_WARN_BOOL_CONVERSION = YES;
				CLANG_WARN_COMMA = YES;
				CLANG_WARN_CONSTANT_CONVERSION = YES;
				CLANG_WARN_DIRECT_OBJC_ISA_USAGE = YES_ERROR;
				CLANG_WARN_DOCUMENTATION_COMMENTS = YES;
				CLANG_WARN_EMPTY_BODY = YES;
				CLANG_WARN_ENUM_CONVERSION = YES;
				CLANG_WARN_INFINITE_RECURSION = YES;
				CLANG_WARN_INT_CONVERSION = YES;
				CLANG_WARN_NON_LITERAL_NULL_CONVERSION = YES;
				CLANG_WARN_OBJC_LITERAL_CONVERSION = YES;
				CLANG_WARN_OBJC_ROOT_CLASS = YES_ERROR;
				CLANG_WARN_RANGE_LOOP_ANALYSIS = YES;
				CLANG_WARN_STRICT_PROTOTYPES = YES;
				CLANG_WARN_SUSPICIOUS_MOVE = YES;
				CLANG_WARN_UNGUARDED_AVAILABILITY = YES_AGGRESSIVE;
				CLANG_WARN_UNREACHABLE_CODE = YES;
				CLANG_WARN__DUPLICATE_METHOD_MATCH = YES;
				CODE_SIGN_IDENTITY = "iPhone Developer";
				COPY_PHASE_STRIP = NO;
				DEBUG_INFORMATION_FORMAT = "dwarf-with-dsym";
				ENABLE_NS_ASSERTIONS = NO;
				ENABLE_STRICT_OBJC_MSGSEND = YES;
				GCC_C_LANGUAGE_STANDARD = gnu11;
				GCC_NO_COMMON_BLOCKS = YES;
				GCC_WARN_64_TO_32_BIT_CONVERSION = YES;
				GCC_WARN_ABOUT_RETURN_TYPE = YES_ERROR;
				GCC_WARN_UNDECLARED_SELECTOR = YES;
				GCC_WARN_UNINITIALIZED_AUTOS = YES_AGGRESSIVE;
				GCC_WARN_UNUSED_FUNCTION = YES;
				GCC_WARN_UNUSED_VARIABLE = YES;
				IPHONEOS_DEPLOYMENT_TARGET = 11.2;
				MTL_ENABLE_DEBUG_INFO = NO;
				SDKROOT = iphoneos;
				SWIFT_OPTIMIZATION_LEVEL = "-Owholemodule";
				VALIDATE_PRODUCT = YES;
			};
			name = Release;
		};
		AFDAE88A2028D737003081AD /* Debug */ = {
			isa = XCBuildConfiguration;
			buildSettings = {
				ASSETCATALOG_COMPILER_APPICON_NAME = AppIcon;
				CODE_SIGN_STYLE = Automatic;
				DEVELOPMENT_TEAM = XWJGD28CZ6;
				INFOPLIST_FILE = Concentration/Info.plist;
				LD_RUNPATH_SEARCH_PATHS = "$(inherited) @executable_path/Frameworks";
				PRODUCT_BUNDLE_IDENTIFIER = com.iGarcia.Concentration;
				PRODUCT_NAME = "$(TARGET_NAME)";
				SWIFT_VERSION = 4.0;
				TARGETED_DEVICE_FAMILY = "1,2";
			};
			name = Debug;
		};
		AFDAE88B2028D737003081AD /* Release */ = {
			isa = XCBuildConfiguration;
			buildSettings = {
				ASSETCATALOG_COMPILER_APPICON_NAME = AppIcon;
				CODE_SIGN_STYLE = Automatic;
				DEVELOPMENT_TEAM = XWJGD28CZ6;
				INFOPLIST_FILE = Concentration/Info.plist;
				LD_RUNPATH_SEARCH_PATHS = "$(inherited) @executable_path/Frameworks";
				PRODUCT_BUNDLE_IDENTIFIER = com.iGarcia.Concentration;
				PRODUCT_NAME = "$(TARGET_NAME)";
				SWIFT_VERSION = 4.0;
				TARGETED_DEVICE_FAMILY = "1,2";
			};
			name = Release;
		};
/* End XCBuildConfiguration section */

/* Begin XCConfigurationList section */
		AFDAE8722028D737003081AD /* Build configuration list for PBXProject "Concentration" */ = {
			isa = XCConfigurationList;
			buildConfigurations = (
				AFDAE8872028D737003081AD /* Debug */,
				AFDAE8882028D737003081AD /* Release */,
			);
			defaultConfigurationIsVisible = 0;
			defaultConfigurationName = Release;
		};
		AFDAE8892028D737003081AD /* Build configuration list for PBXNativeTarget "Concentration" */ = {
			isa = XCConfigurationList;
			buildConfigurations = (
				AFDAE88A2028D737003081AD /* Debug */,
				AFDAE88B2028D737003081AD /* Release */,
			);
			defaultConfigurationIsVisible = 0;
			defaultConfigurationName = Release;
		};
/* End XCConfigurationList section */
	};
	rootObject = AFDAE86F2028D737003081AD /* Project object */;
}
